// !$*UTF8*$!
{
	archiveVersion = 1;
	classes = {
	};
	objectVersion = 50;
	objects = {

/* Begin PBXBuildFile section */
		A245166923451EBA00CE2787 /* AppDelegate.swift in Sources */ = {isa = PBXBuildFile; fileRef = A245166823451EBA00CE2787 /* AppDelegate.swift */; };
		A245166B23451EBA00CE2787 /* SceneDelegate.swift in Sources */ = {isa = PBXBuildFile; fileRef = A245166A23451EBA00CE2787 /* SceneDelegate.swift */; };
		A245166D23451EBA00CE2787 /* ViewController.swift in Sources */ = {isa = PBXBuildFile; fileRef = A245166C23451EBA00CE2787 /* ViewController.swift */; };
		A245167023451EBA00CE2787 /* Main.storyboard in Resources */ = {isa = PBXBuildFile; fileRef = A245166E23451EBA00CE2787 /* Main.storyboard */; };
		A245167223451EBC00CE2787 /* Assets.xcassets in Resources */ = {isa = PBXBuildFile; fileRef = A245167123451EBC00CE2787 /* Assets.xcassets */; };
		A245167523451EBC00CE2787 /* LaunchScreen.storyboard in Resources */ = {isa = PBXBuildFile; fileRef = A245167323451EBC00CE2787 /* LaunchScreen.storyboard */; };
		A245168023451EBC00CE2787 /* RPSTests.swift in Sources */ = {isa = PBXBuildFile; fileRef = A245167F23451EBC00CE2787 /* RPSTests.swift */; };
		A245168B23451EBD00CE2787 /* RPSUITests.swift in Sources */ = {isa = PBXBuildFile; fileRef = A245168A23451EBD00CE2787 /* RPSUITests.swift */; };
/* End PBXBuildFile section */

/* Begin PBXContainerItemProxy section */
		A245167C23451EBC00CE2787 /* PBXContainerItemProxy */ = {
			isa = PBXContainerItemProxy;
			containerPortal = A245165D23451EBA00CE2787 /* Project object */;
			proxyType = 1;
			remoteGlobalIDString = A245166423451EBA00CE2787;
			remoteInfo = RPS;
		};
		A245168723451EBD00CE2787 /* PBXContainerItemProxy */ = {
			isa = PBXContainerItemProxy;
			containerPortal = A245165D23451EBA00CE2787 /* Project object */;
			proxyType = 1;
			remoteGlobalIDString = A245166423451EBA00CE2787;
			remoteInfo = RPS;
		};
/* End PBXContainerItemProxy section */

/* Begin PBXFileReference section */
		A245166523451EBA00CE2787 /* RPS.app */ = {isa = PBXFileReference; explicitFileType = wrapper.application; includeInIndex = 0; path = RPS.app; sourceTree = BUILT_PRODUCTS_DIR; };
		A245166823451EBA00CE2787 /* AppDelegate.swift */ = {isa = PBXFileReference; lastKnownFileType = sourcecode.swift; path = AppDelegate.swift; sourceTree = "<group>"; };
		A245166A23451EBA00CE2787 /* SceneDelegate.swift */ = {isa = PBXFileReference; lastKnownFileType = sourcecode.swift; path = SceneDelegate.swift; sourceTree = "<group>"; };
		A245166C23451EBA00CE2787 /* ViewController.swift */ = {isa = PBXFileReference; lastKnownFileType = sourcecode.swift; path = ViewController.swift; sourceTree = "<group>"; };
		A245166F23451EBA00CE2787 /* Base */ = {isa = PBXFileReference; lastKnownFileType = file.storyboard; name = Base; path = Base.lproj/Main.storyboard; sourceTree = "<group>"; };
		A245167123451EBC00CE2787 /* Assets.xcassets */ = {isa = PBXFileReference; lastKnownFileType = folder.assetcatalog; path = Assets.xcassets; sourceTree = "<group>"; };
		A245167423451EBC00CE2787 /* Base */ = {isa = PBXFileReference; lastKnownFileType = file.storyboard; name = Base; path = Base.lproj/LaunchScreen.storyboard; sourceTree = "<group>"; };
		A245167623451EBC00CE2787 /* Info.plist */ = {isa = PBXFileReference; lastKnownFileType = text.plist.xml; path = Info.plist; sourceTree = "<group>"; };
		A245167B23451EBC00CE2787 /* RPSTests.xctest */ = {isa = PBXFileReference; explicitFileType = wrapper.cfbundle; includeInIndex = 0; path = RPSTests.xctest; sourceTree = BUILT_PRODUCTS_DIR; };
		A245167F23451EBC00CE2787 /* RPSTests.swift */ = {isa = PBXFileReference; lastKnownFileType = sourcecode.swift; path = RPSTests.swift; sourceTree = "<group>"; };
		A245168123451EBC00CE2787 /* Info.plist */ = {isa = PBXFileReference; lastKnownFileType = text.plist.xml; path = Info.plist; sourceTree = "<group>"; };
		A245168623451EBD00CE2787 /* RPSUITests.xctest */ = {isa = PBXFileReference; explicitFileType = wrapper.cfbundle; includeInIndex = 0; path = RPSUITests.xctest; sourceTree = BUILT_PRODUCTS_DIR; };
		A245168A23451EBD00CE2787 /* RPSUITests.swift */ = {isa = PBXFileReference; lastKnownFileType = sourcecode.swift; path = RPSUITests.swift; sourceTree = "<group>"; };
		A245168C23451EBD00CE2787 /* Info.plist */ = {isa = PBXFileReference; lastKnownFileType = text.plist.xml; path = Info.plist; sourceTree = "<group>"; };
/* End PBXFileReference section */

/* Begin PBXFrameworksBuildPhase section */
		A245166223451EBA00CE2787 /* Frameworks */ = {
			isa = PBXFrameworksBuildPhase;
			buildActionMask = 2147483647;
			files = (
			);
			runOnlyForDeploymentPostprocessing = 0;
		};
		A245167823451EBC00CE2787 /* Frameworks */ = {
			isa = PBXFrameworksBuildPhase;
			buildActionMask = 2147483647;
			files = (
			);
			runOnlyForDeploymentPostprocessing = 0;
		};
		A245168323451EBD00CE2787 /* Frameworks */ = {
			isa = PBXFrameworksBuildPhase;
			buildActionMask = 2147483647;
			files = (
			);
			runOnlyForDeploymentPostprocessing = 0;
		};
/* End PBXFrameworksBuildPhase section */

/* Begin PBXGroup section */
		A245165C23451EBA00CE2787 = {
			isa = PBXGroup;
			children = (
				A245166723451EBA00CE2787 /* RPS */,
				A245167E23451EBC00CE2787 /* RPSTests */,
				A245168923451EBD00CE2787 /* RPSUITests */,
				A245166623451EBA00CE2787 /* Products */,
			);
			sourceTree = "<group>";
		};
		A245166623451EBA00CE2787 /* Products */ = {
			isa = PBXGroup;
			children = (
				A245166523451EBA00CE2787 /* RPS.app */,
				A245167B23451EBC00CE2787 /* RPSTests.xctest */,
				A245168623451EBD00CE2787 /* RPSUITests.xctest */,
			);
			name = Products;
			sourceTree = "<group>";
		};
		A245166723451EBA00CE2787 /* RPS */ = {
			isa = PBXGroup;
			children = (
				A245166823451EBA00CE2787 /* AppDelegate.swift */,
				A245166A23451EBA00CE2787 /* SceneDelegate.swift */,
				A245166C23451EBA00CE2787 /* ViewController.swift */,
				A245166E23451EBA00CE2787 /* Main.storyboard */,
				A245167123451EBC00CE2787 /* Assets.xcassets */,
				A245167323451EBC00CE2787 /* LaunchScreen.storyboard */,
				A245167623451EBC00CE2787 /* Info.plist */,
			);
			path = RPS;
			sourceTree = "<group>";
		};
		A245167E23451EBC00CE2787 /* RPSTests */ = {
			isa = PBXGroup;
			children = (
				A245167F23451EBC00CE2787 /* RPSTests.swift */,
				A245168123451EBC00CE2787 /* Info.plist */,
			);
			path = RPSTests;
			sourceTree = "<group>";
		};
		A245168923451EBD00CE2787 /* RPSUITests */ = {
			isa = PBXGroup;
			children = (
				A245168A23451EBD00CE2787 /* RPSUITests.swift */,
				A245168C23451EBD00CE2787 /* Info.plist */,
			);
			path = RPSUITests;
			sourceTree = "<group>";
		};
/* End PBXGroup section */

/* Begin PBXNativeTarget section */
		A245166423451EBA00CE2787 /* RPS */ = {
			isa = PBXNativeTarget;
			buildConfigurationList = A245168F23451EBD00CE2787 /* Build configuration list for PBXNativeTarget "RPS" */;
			buildPhases = (
				A245166123451EBA00CE2787 /* Sources */,
				A245166223451EBA00CE2787 /* Frameworks */,
				A245166323451EBA00CE2787 /* Resources */,
			);
			buildRules = (
			);
			dependencies = (
			);
			name = RPS;
			productName = RPS;
			productReference = A245166523451EBA00CE2787 /* RPS.app */;
			productType = "com.apple.product-type.application";
		};
		A245167A23451EBC00CE2787 /* RPSTests */ = {
			isa = PBXNativeTarget;
			buildConfigurationList = A245169223451EBD00CE2787 /* Build configuration list for PBXNativeTarget "RPSTests" */;
			buildPhases = (
				A245167723451EBC00CE2787 /* Sources */,
				A245167823451EBC00CE2787 /* Frameworks */,
				A245167923451EBC00CE2787 /* Resources */,
			);
			buildRules = (
			);
			dependencies = (
				A245167D23451EBC00CE2787 /* PBXTargetDependency */,
			);
			name = RPSTests;
			productName = RPSTests;
			productReference = A245167B23451EBC00CE2787 /* RPSTests.xctest */;
			productType = "com.apple.product-type.bundle.unit-test";
		};
		A245168523451EBD00CE2787 /* RPSUITests */ = {
			isa = PBXNativeTarget;
			buildConfigurationList = A245169523451EBD00CE2787 /* Build configuration list for PBXNativeTarget "RPSUITests" */;
			buildPhases = (
				A245168223451EBD00CE2787 /* Sources */,
				A245168323451EBD00CE2787 /* Frameworks */,
				A245168423451EBD00CE2787 /* Resources */,
			);
			buildRules = (
			);
			dependencies = (
				A245168823451EBD00CE2787 /* PBXTargetDependency */,
			);
			name = RPSUITests;
			productName = RPSUITests;
			productReference = A245168623451EBD00CE2787 /* RPSUITests.xctest */;
			productType = "com.apple.product-type.bundle.ui-testing";
		};
/* End PBXNativeTarget section */

/* Begin PBXProject section */
		A245165D23451EBA00CE2787 /* Project object */ = {
			isa = PBXProject;
			attributes = {
				LastSwiftUpdateCheck = 1100;
				LastUpgradeCheck = 1100;
				ORGANIZATIONNAME = "Adan Partida";
				TargetAttributes = {
					A245166423451EBA00CE2787 = {
						CreatedOnToolsVersion = 11.0;
					};
					A245167A23451EBC00CE2787 = {
						CreatedOnToolsVersion = 11.0;
						TestTargetID = A245166423451EBA00CE2787;
					};
					A245168523451EBD00CE2787 = {
						CreatedOnToolsVersion = 11.0;
						TestTargetID = A245166423451EBA00CE2787;
					};
				};
			};
			buildConfigurationList = A245166023451EBA00CE2787 /* Build configuration list for PBXProject "RPS" */;
			compatibilityVersion = "Xcode 9.3";
			developmentRegion = en;
			hasScannedForEncodings = 0;
			knownRegions = (
				en,
				Base,
			);
			mainGroup = A245165C23451EBA00CE2787;
			productRefGroup = A245166623451EBA00CE2787 /* Products */;
			projectDirPath = "";
			projectRoot = "";
			targets = (
				A245166423451EBA00CE2787 /* RPS */,
				A245167A23451EBC00CE2787 /* RPSTests */,
				A245168523451EBD00CE2787 /* RPSUITests */,
			);
		};
/* End PBXProject section */

/* Begin PBXResourcesBuildPhase section */
		A245166323451EBA00CE2787 /* Resources */ = {
			isa = PBXResourcesBuildPhase;
			buildActionMask = 2147483647;
			files = (
				A245167523451EBC00CE2787 /* LaunchScreen.storyboard in Resources */,
				A245167223451EBC00CE2787 /* Assets.xcassets in Resources */,
				A245167023451EBA00CE2787 /* Main.storyboard in Resources */,
			);
			runOnlyForDeploymentPostprocessing = 0;
		};
		A245167923451EBC00CE2787 /* Resources */ = {
			isa = PBXResourcesBuildPhase;
			buildActionMask = 2147483647;
			files = (
			);
			runOnlyForDeploymentPostprocessing = 0;
		};
		A245168423451EBD00CE2787 /* Resources */ = {
			isa = PBXResourcesBuildPhase;
			buildActionMask = 2147483647;
			files = (
			);
			runOnlyForDeploymentPostprocessing = 0;
		};
/* End PBXResourcesBuildPhase section */

/* Begin PBXSourcesBuildPhase section */
		A245166123451EBA00CE2787 /* Sources */ = {
			isa = PBXSourcesBuildPhase;
			buildActionMask = 2147483647;
			files = (
				A245166D23451EBA00CE2787 /* ViewController.swift in Sources */,
				A245166923451EBA00CE2787 /* AppDelegate.swift in Sources */,
				A245166B23451EBA00CE2787 /* SceneDelegate.swift in Sources */,
			);
			runOnlyForDeploymentPostprocessing = 0;
		};
		A245167723451EBC00CE2787 /* Sources */ = {
			isa = PBXSourcesBuildPhase;
			buildActionMask = 2147483647;
			files = (
				A245168023451EBC00CE2787 /* RPSTests.swift in Sources */,
			);
			runOnlyForDeploymentPostprocessing = 0;
		};
		A245168223451EBD00CE2787 /* Sources */ = {
			isa = PBXSourcesBuildPhase;
			buildActionMask = 2147483647;
			files = (
				A245168B23451EBD00CE2787 /* RPSUITests.swift in Sources */,
			);
			runOnlyForDeploymentPostprocessing = 0;
		};
/* End PBXSourcesBuildPhase section */

/* Begin PBXTargetDependency section */
		A245167D23451EBC00CE2787 /* PBXTargetDependency */ = {
			isa = PBXTargetDependency;
			target = A245166423451EBA00CE2787 /* RPS */;
			targetProxy = A245167C23451EBC00CE2787 /* PBXContainerItemProxy */;
		};
		A245168823451EBD00CE2787 /* PBXTargetDependency */ = {
			isa = PBXTargetDependency;
			target = A245166423451EBA00CE2787 /* RPS */;
			targetProxy = A245168723451EBD00CE2787 /* PBXContainerItemProxy */;
		};
/* End PBXTargetDependency section */

/* Begin PBXVariantGroup section */
		A245166E23451EBA00CE2787 /* Main.storyboard */ = {
			isa = PBXVariantGroup;
			children = (
				A245166F23451EBA00CE2787 /* Base */,
			);
			name = Main.storyboard;
			sourceTree = "<group>";
		};
		A245167323451EBC00CE2787 /* LaunchScreen.storyboard */ = {
			isa = PBXVariantGroup;
			children = (
				A245167423451EBC00CE2787 /* Base */,
			);
			name = LaunchScreen.storyboard;
			sourceTree = "<group>";
		};
/* End PBXVariantGroup section */

/* Begin XCBuildConfiguration section */
		A245168D23451EBD00CE2787 /* Debug */ = {
			isa = XCBuildConfiguration;
			buildSettings = {
				ALWAYS_SEARCH_USER_PATHS = NO;
				CLANG_ANALYZER_NONNULL = YES;
				CLANG_ANALYZER_NUMBER_OBJECT_CONVERSION = YES_AGGRESSIVE;
				CLANG_CXX_LANGUAGE_STANDARD = "gnu++14";
				CLANG_CXX_LIBRARY = "libc++";
				CLANG_ENABLE_MODULES = YES;
				CLANG_ENABLE_OBJC_ARC = YES;
				CLANG_ENABLE_OBJC_WEAK = YES;
				CLANG_WARN_BLOCK_CAPTURE_AUTORELEASING = YES;
				CLANG_WARN_BOOL_CONVERSION = YES;
				CLANG_WARN_COMMA = YES;
				CLANG_WARN_CONSTANT_CONVERSION = YES;
				CLANG_WARN_DEPRECATED_OBJC_IMPLEMENTATIONS = YES;
				CLANG_WARN_DIRECT_OBJC_ISA_USAGE = YES_ERROR;
				CLANG_WARN_DOCUMENTATION_COMMENTS = YES;
				CLANG_WARN_EMPTY_BODY = YES;
				CLANG_WARN_ENUM_CONVERSION = YES;
				CLANG_WARN_INFINITE_RECURSION = YES;
				CLANG_WARN_INT_CONVERSION = YES;
				CLANG_WARN_NON_LITERAL_NULL_CONVERSION = YES;
				CLANG_WARN_OBJC_IMPLICIT_RETAIN_SELF = YES;
				CLANG_WARN_OBJC_LITERAL_CONVERSION = YES;
				CLANG_WARN_OBJC_ROOT_CLASS = YES_ERROR;
				CLANG_WARN_RANGE_LOOP_ANALYSIS = YES;
				CLANG_WARN_STRICT_PROTOTYPES = YES;
				CLANG_WARN_SUSPICIOUS_MOVE = YES;
				CLANG_WARN_UNGUARDED_AVAILABILITY = YES_AGGRESSIVE;
				CLANG_WARN_UNREACHABLE_CODE = YES;
				CLANG_WARN__DUPLICATE_METHOD_MATCH = YES;
				COPY_PHASE_STRIP = NO;
				DEBUG_INFORMATION_FORMAT = dwarf;
				ENABLE_STRICT_OBJC_MSGSEND = YES;
				ENABLE_TESTABILITY = YES;
				GCC_C_LANGUAGE_STANDARD = gnu11;
				GCC_DYNAMIC_NO_PIC = NO;
				GCC_NO_COMMON_BLOCKS = YES;
				GCC_OPTIMIZATION_LEVEL = 0;
				GCC_PREPROCESSOR_DEFINITIONS = (
					"DEBUG=1",
					"$(inherited)",
				);
				GCC_WARN_64_TO_32_BIT_CONVERSION = YES;
				GCC_WARN_ABOUT_RETURN_TYPE = YES_ERROR;
				GCC_WARN_UNDECLARED_SELECTOR = YES;
				GCC_WARN_UNINITIALIZED_AUTOS = YES_AGGRESSIVE;
				GCC_WARN_UNUSED_FUNCTION = YES;
				GCC_WARN_UNUSED_VARIABLE = YES;
				IPHONEOS_DEPLOYMENT_TARGET = 13.0;
				MTL_ENABLE_DEBUG_INFO = INCLUDE_SOURCE;
				MTL_FAST_MATH = YES;
				ONLY_ACTIVE_ARCH = YES;
				SDKROOT = iphoneos;
				SWIFT_ACTIVE_COMPILATION_CONDITIONS = DEBUG;
				SWIFT_OPTIMIZATION_LEVEL = "-Onone";
			};
			name = Debug;
		};
		A245168E23451EBD00CE2787 /* Release */ = {
			isa = XCBuildConfiguration;
			buildSettings = {
				ALWAYS_SEARCH_USER_PATHS = NO;
				CLANG_ANALYZER_NONNULL = YES;
				CLANG_ANALYZER_NUMBER_OBJECT_CONVERSION = YES_AGGRESSIVE;
				CLANG_CXX_LANGUAGE_STANDARD = "gnu++14";
				CLANG_CXX_LIBRARY = "libc++";
				CLANG_ENABLE_MODULES = YES;
				CLANG_ENABLE_OBJC_ARC = YES;
				CLANG_ENABLE_OBJC_WEAK = YES;
				CLANG_WARN_BLOCK_CAPTURE_AUTORELEASING = YES;
				CLANG_WARN_BOOL_CONVERSION = YES;
				CLANG_WARN_COMMA = YES;
				CLANG_WARN_CONSTANT_CONVERSION = YES;
				CLANG_WARN_DEPRECATED_OBJC_IMPLEMENTATIONS = YES;
				CLANG_WARN_DIRECT_OBJC_ISA_USAGE = YES_ERROR;
				CLANG_WARN_DOCUMENTATION_COMMENTS = YES;
				CLANG_WARN_EMPTY_BODY = YES;
				CLANG_WARN_ENUM_CONVERSION = YES;
				CLANG_WARN_INFINITE_RECURSION = YES;
				CLANG_WARN_INT_CONVERSION = YES;
				CLANG_WARN_NON_LITERAL_NULL_CONVERSION = YES;
				CLANG_WARN_OBJC_IMPLICIT_RETAIN_SELF = YES;
				CLANG_WARN_OBJC_LITERAL_CONVERSION = YES;
				CLANG_WARN_OBJC_ROOT_CLASS = YES_ERROR;
				CLANG_WARN_RANGE_LOOP_ANALYSIS = YES;
				CLANG_WARN_STRICT_PROTOTYPES = YES;
				CLANG_WARN_SUSPICIOUS_MOVE = YES;
				CLANG_WARN_UNGUARDED_AVAILABILITY = YES_AGGRESSIVE;
				CLANG_WARN_UNREACHABLE_CODE = YES;
				CLANG_WARN__DUPLICATE_METHOD_MATCH = YES;
				COPY_PHASE_STRIP = NO;
				DEBUG_INFORMATION_FORMAT = "dwarf-with-dsym";
				ENABLE_NS_ASSERTIONS = NO;
				ENABLE_STRICT_OBJC_MSGSEND = YES;
				GCC_C_LANGUAGE_STANDARD = gnu11;
				GCC_NO_COMMON_BLOCKS = YES;
				GCC_WARN_64_TO_32_BIT_CONVERSION = YES;
				GCC_WARN_ABOUT_RETURN_TYPE = YES_ERROR;
				GCC_WARN_UNDECLARED_SELECTOR = YES;
				GCC_WARN_UNINITIALIZED_AUTOS = YES_AGGRESSIVE;
				GCC_WARN_UNUSED_FUNCTION = YES;
				GCC_WARN_UNUSED_VARIABLE = YES;
				IPHONEOS_DEPLOYMENT_TARGET = 13.0;
				MTL_ENABLE_DEBUG_INFO = NO;
				MTL_FAST_MATH = YES;
				SDKROOT = iphoneos;
				SWIFT_COMPILATION_MODE = wholemodule;
				SWIFT_OPTIMIZATION_LEVEL = "-O";
				VALIDATE_PRODUCT = YES;
			};
			name = Release;
		};
		A245169023451EBD00CE2787 /* Debug */ = {
			isa = XCBuildConfiguration;
			buildSettings = {
				ASSETCATALOG_COMPILER_APPICON_NAME = AppIcon;
				CODE_SIGN_STYLE = Automatic;
				DEVELOPMENT_TEAM = MU6YY5X9CZ;
				INFOPLIST_FILE = RPS/Info.plist;
				LD_RUNPATH_SEARCH_PATHS = (
					"$(inherited)",
					"@executable_path/Frameworks",
				);
				PRODUCT_BUNDLE_IDENTIFIER = ADA2029617.RPS;
				PRODUCT_NAME = "$(TARGET_NAME)";
				SWIFT_VERSION = 5.0;
				TARGETED_DEVICE_FAMILY = "1,2";
			};
			name = Debug;
		};
		A245169123451EBD00CE2787 /* Release */ = {
			isa = XCBuildConfiguration;
			buildSettings = {
				ASSETCATALOG_COMPILER_APPICON_NAME = AppIcon;
				CODE_SIGN_STYLE = Automatic;
				DEVELOPMENT_TEAM = MU6YY5X9CZ;
				INFOPLIST_FILE = RPS/Info.plist;
				LD_RUNPATH_SEARCH_PATHS = (
					"$(inherited)",
					"@executable_path/Frameworks",
				);
				PRODUCT_BUNDLE_IDENTIFIER = ADA2029617.RPS;
				PRODUCT_NAME = "$(TARGET_NAME)";
				SWIFT_VERSION = 5.0;
				TARGETED_DEVICE_FAMILY = "1,2";
			};
			name = Release;
		};
		A245169323451EBD00CE2787 /* Debug */ = {
			isa = XCBuildConfiguration;
			buildSettings = {
				ALWAYS_EMBED_SWIFT_STANDARD_LIBRARIES = YES;
				BUNDLE_LOADER = "$(TEST_HOST)";
				CODE_SIGN_STYLE = Automatic;
				DEVELOPMENT_TEAM = MU6YY5X9CZ;
				INFOPLIST_FILE = RPSTests/Info.plist;
				IPHONEOS_DEPLOYMENT_TARGET = 13.0;
				LD_RUNPATH_SEARCH_PATHS = (
					"$(inherited)",
					"@executable_path/Frameworks",
					"@loader_path/Frameworks",
				);
				PRODUCT_BUNDLE_IDENTIFIER = ADA2029617.RPSTests;
				PRODUCT_NAME = "$(TARGET_NAME)";
				SWIFT_VERSION = 5.0;
				TARGETED_DEVICE_FAMILY = "1,2";
				TEST_HOST = "$(BUILT_PRODUCTS_DIR)/RPS.app/RPS";
			};
			name = Debug;
		};
		A245169423451EBD00CE2787 /* Release */ = {
			isa = XCBuildConfiguration;
			buildSettings = {
				ALWAYS_EMBED_SWIFT_STANDARD_LIBRARIES = YES;
				BUNDLE_LOADER = "$(TEST_HOST)";
				CODE_SIGN_STYLE = Automatic;
				DEVELOPMENT_TEAM = MU6YY5X9CZ;
				INFOPLIST_FILE = RPSTests/Info.plist;
				IPHONEOS_DEPLOYMENT_TARGET = 13.0;
				LD_RUNPATH_SEARCH_PATHS = (
					"$(inherited)",
					"@executable_path/Frameworks",
					"@loader_path/Frameworks",
				);
				PRODUCT_BUNDLE_IDENTIFIER = ADA2029617.RPSTests;
				PRODUCT_NAME = "$(TARGET_NAME)";
				SWIFT_VERSION = 5.0;
				TARGETED_DEVICE_FAMILY = "1,2";
				TEST_HOST = "$(BUILT_PRODUCTS_DIR)/RPS.app/RPS";
			};
			name = Release;
		};
		A245169623451EBD00CE2787 /* Debug */ = {
			isa = XCBuildConfiguration;
			buildSettings = {
				ALWAYS_EMBED_SWIFT_STANDARD_LIBRARIES = YES;
				CODE_SIGN_STYLE = Automatic;
				DEVELOPMENT_TEAM = MU6YY5X9CZ;
				INFOPLIST_FILE = RPSUITests/Info.plist;
				LD_RUNPATH_SEARCH_PATHS = (
					"$(inherited)",
					"@executable_path/Frameworks",
					"@loader_path/Frameworks",
				);
				PRODUCT_BUNDLE_IDENTIFIER = ADA2029617.RPSUITests;
				PRODUCT_NAME = "$(TARGET_NAME)";
				SWIFT_VERSION = 5.0;
				TARGETED_DEVICE_FAMILY = "1,2";
				TEST_TARGET_NAME = RPS;
			};
			name = Debug;
		};
		A245169723451EBD00CE2787 /* Release */ = {
			isa = XCBuildConfiguration;
			buildSettings = {
				ALWAYS_EMBED_SWIFT_STANDARD_LIBRARIES = YES;
				CODE_SIGN_STYLE = Automatic;
				DEVELOPMENT_TEAM = MU6YY5X9CZ;
				INFOPLIST_FILE = RPSUITests/Info.plist;
				LD_RUNPATH_SEARCH_PATHS = (
					"$(inherited)",
					"@executable_path/Frameworks",
					"@loader_path/Frameworks",
				);
				PRODUCT_BUNDLE_IDENTIFIER = ADA2029617.RPSUITests;
				PRODUCT_NAME = "$(TARGET_NAME)";
				SWIFT_VERSION = 5.0;
				TARGETED_DEVICE_FAMILY = "1,2";
				TEST_TARGET_NAME = RPS;
			};
			name = Release;
		};
/* End XCBuildConfiguration section */

/* Begin XCConfigurationList section */
		A245166023451EBA00CE2787 /* Build configuration list for PBXProject "RPS" */ = {
			isa = XCConfigurationList;
			buildConfigurations = (
				A245168D23451EBD00CE2787 /* Debug */,
				A245168E23451EBD00CE2787 /* Release */,
			);
			defaultConfigurationIsVisible = 0;
			defaultConfigurationName = Release;
		};
		A245168F23451EBD00CE2787 /* Build configuration list for PBXNativeTarget "RPS" */ = {
			isa = XCConfigurationList;
			buildConfigurations = (
				A245169023451EBD00CE2787 /* Debug */,
				A245169123451EBD00CE2787 /* Release */,
			);
			defaultConfigurationIsVisible = 0;
			defaultConfigurationName = Release;
		};
		A245169223451EBD00CE2787 /* Build configuration list for PBXNativeTarget "RPSTests" */ = {
			isa = XCConfigurationList;
			buildConfigurations = (
				A245169323451EBD00CE2787 /* Debug */,
				A245169423451EBD00CE2787 /* Release */,
			);
			defaultConfigurationIsVisible = 0;
			defaultConfigurationName = Release;
		};
		A245169523451EBD00CE2787 /* Build configuration list for PBXNativeTarget "RPSUITests" */ = {
			isa = XCConfigurationList;
			buildConfigurations = (
				A245169623451EBD00CE2787 /* Debug */,
				A245169723451EBD00CE2787 /* Release */,
			);
			defaultConfigurationIsVisible = 0;
			defaultConfigurationName = Release;
		};
/* End XCConfigurationList section */
	};
	rootObject = A245165D23451EBA00CE2787 /* Project object */;
}
